
Microsoft Visual Studio Solution File, Format Version 12.00
Project("{FAE04EC0-301F-11D3-BF4B-00C04F79EFBC}") = "B2Next", "B2Next.csproj", "{13C8F0A8-DA3D-4F18-A9CB-94D2D3E1EAD1}"
EndProject
Global
	GlobalSection(SolutionConfigurationPlatforms) = preSolution
		Debug|Any CPU = Debug|Any CPU
		Release|Any CPU = Release|Any CPU
	EndGlobalSection
	GlobalSection(ProjectConfigurationPlatforms) = postSolution
		{13C8F0A8-DA3D-4F18-A9CB-94D2D3E1EAD1}.Debug|Any CPU.ActiveCfg = Debug|Any CPU
		{13C8F0A8-DA3D-4F18-A9CB-94D2D3E1EAD1}.Debug|Any CPU.Build.0 = Debug|Any CPU
		{13C8F0A8-DA3D-4F18-A9CB-94D2D3E1EAD1}.Release|Any CPU.ActiveCfg = Release|Any CPU
		{13C8F0A8-DA3D-4F18-A9CB-94D2D3E1EAD1}.Release|Any CPU.Build.0 = Release|Any CPU
	EndGlobalSection
EndGlobal
